// !$*UTF8*$!
{
	archiveVersion = 1;
	classes = {
	};
	objectVersion = 48;
	objects = {

/* Begin PBXBuildFile section */
		43BFD4E3200EB3350027B601 /* AppDelegate.swift in Sources */ = {isa = PBXBuildFile; fileRef = 43BFD4E2200EB3350027B601 /* AppDelegate.swift */; };
		43BFD4E5200EB3350027B601 /* ViewController.swift in Sources */ = {isa = PBXBuildFile; fileRef = 43BFD4E4200EB3350027B601 /* ViewController.swift */; };
		43BFD4E8200EB3350027B601 /* Main.storyboard in Resources */ = {isa = PBXBuildFile; fileRef = 43BFD4E6200EB3350027B601 /* Main.storyboard */; };
		43BFD4EA200EB3350027B601 /* Assets.xcassets in Resources */ = {isa = PBXBuildFile; fileRef = 43BFD4E9200EB3350027B601 /* Assets.xcassets */; };
		43BFD4ED200EB3350027B601 /* LaunchScreen.storyboard in Resources */ = {isa = PBXBuildFile; fileRef = 43BFD4EB200EB3350027B601 /* LaunchScreen.storyboard */; };
		43BFD4F5200EB8D50027B601 /* ImagensTableViewController.swift in Sources */ = {isa = PBXBuildFile; fileRef = 43BFD4F4200EB8D50027B601 /* ImagensTableViewController.swift */; };
		43BFD4F7200EBDAA0027B601 /* CatsTableViewCell.swift in Sources */ = {isa = PBXBuildFile; fileRef = 43BFD4F6200EBDAA0027B601 /* CatsTableViewCell.swift */; };
		43BFD4FA200EBEAF0027B601 /* TesteTableViewCell.swift in Sources */ = {isa = PBXBuildFile; fileRef = 43BFD4F8200EBEAF0027B601 /* TesteTableViewCell.swift */; };
		43BFD4FB200EBEAF0027B601 /* TesteTableViewCell.xib in Resources */ = {isa = PBXBuildFile; fileRef = 43BFD4F9200EBEAF0027B601 /* TesteTableViewCell.xib */; };
		EEC928D1579DEFF430B7303E /* Pods_DesafioCocoaPods.framework in Frameworks */ = {isa = PBXBuildFile; fileRef = 194E97360F19F39E0DD85D00 /* Pods_DesafioCocoaPods.framework */; };
/* End PBXBuildFile section */

/* Begin PBXFileReference section */
		194E97360F19F39E0DD85D00 /* Pods_DesafioCocoaPods.framework */ = {isa = PBXFileReference; explicitFileType = wrapper.framework; includeInIndex = 0; path = Pods_DesafioCocoaPods.framework; sourceTree = BUILT_PRODUCTS_DIR; };
		43BFD4DF200EB3350027B601 /* DesafioCocoaPods.app */ = {isa = PBXFileReference; explicitFileType = wrapper.application; includeInIndex = 0; path = DesafioCocoaPods.app; sourceTree = BUILT_PRODUCTS_DIR; };
		43BFD4E2200EB3350027B601 /* AppDelegate.swift */ = {isa = PBXFileReference; lastKnownFileType = sourcecode.swift; path = AppDelegate.swift; sourceTree = "<group>"; };
		43BFD4E4200EB3350027B601 /* ViewController.swift */ = {isa = PBXFileReference; lastKnownFileType = sourcecode.swift; path = ViewController.swift; sourceTree = "<group>"; };
		43BFD4E7200EB3350027B601 /* Base */ = {isa = PBXFileReference; lastKnownFileType = file.storyboard; name = Base; path = Base.lproj/Main.storyboard; sourceTree = "<group>"; };
		43BFD4E9200EB3350027B601 /* Assets.xcassets */ = {isa = PBXFileReference; lastKnownFileType = folder.assetcatalog; path = Assets.xcassets; sourceTree = "<group>"; };
		43BFD4EC200EB3350027B601 /* Base */ = {isa = PBXFileReference; lastKnownFileType = file.storyboard; name = Base; path = Base.lproj/LaunchScreen.storyboard; sourceTree = "<group>"; };
		43BFD4EE200EB3350027B601 /* Info.plist */ = {isa = PBXFileReference; lastKnownFileType = text.plist.xml; path = Info.plist; sourceTree = "<group>"; };
		43BFD4F4200EB8D50027B601 /* ImagensTableViewController.swift */ = {isa = PBXFileReference; lastKnownFileType = sourcecode.swift; path = ImagensTableViewController.swift; sourceTree = "<group>"; };
		43BFD4F6200EBDAA0027B601 /* CatsTableViewCell.swift */ = {isa = PBXFileReference; lastKnownFileType = sourcecode.swift; path = CatsTableViewCell.swift; sourceTree = "<group>"; };
		43BFD4F8200EBEAF0027B601 /* TesteTableViewCell.swift */ = {isa = PBXFileReference; lastKnownFileType = sourcecode.swift; path = TesteTableViewCell.swift; sourceTree = "<group>"; };
		43BFD4F9200EBEAF0027B601 /* TesteTableViewCell.xib */ = {isa = PBXFileReference; lastKnownFileType = file.xib; path = TesteTableViewCell.xib; sourceTree = "<group>"; };
		4E8F41ADE67626C6C0C8C0B3 /* Pods-DesafioCocoaPods.debug.xcconfig */ = {isa = PBXFileReference; includeInIndex = 1; lastKnownFileType = text.xcconfig; name = "Pods-DesafioCocoaPods.debug.xcconfig"; path = "Pods/Target Support Files/Pods-DesafioCocoaPods/Pods-DesafioCocoaPods.debug.xcconfig"; sourceTree = "<group>"; };
		7E9DE6DF5C3CCF0B98589369 /* Pods-DesafioCocoaPods.release.xcconfig */ = {isa = PBXFileReference; includeInIndex = 1; lastKnownFileType = text.xcconfig; name = "Pods-DesafioCocoaPods.release.xcconfig"; path = "Pods/Target Support Files/Pods-DesafioCocoaPods/Pods-DesafioCocoaPods.release.xcconfig"; sourceTree = "<group>"; };
/* End PBXFileReference section */

/* Begin PBXFrameworksBuildPhase section */
		43BFD4DC200EB3350027B601 /* Frameworks */ = {
			isa = PBXFrameworksBuildPhase;
			buildActionMask = 2147483647;
			files = (
				EEC928D1579DEFF430B7303E /* Pods_DesafioCocoaPods.framework in Frameworks */,
			);
			runOnlyForDeploymentPostprocessing = 0;
		};
/* End PBXFrameworksBuildPhase section */

/* Begin PBXGroup section */
		263CCD3BA467D1B5FFA2B7A8 /* Frameworks */ = {
			isa = PBXGroup;
			children = (
				194E97360F19F39E0DD85D00 /* Pods_DesafioCocoaPods.framework */,
			);
			name = Frameworks;
			sourceTree = "<group>";
		};
		43BFD4D6200EB3350027B601 = {
			isa = PBXGroup;
			children = (
				43BFD4E1200EB3350027B601 /* DesafioCocoaPods */,
				43BFD4E0200EB3350027B601 /* Products */,
				520D7C3E2F4C6C11D0185032 /* Pods */,
				263CCD3BA467D1B5FFA2B7A8 /* Frameworks */,
			);
			sourceTree = "<group>";
		};
		43BFD4E0200EB3350027B601 /* Products */ = {
			isa = PBXGroup;
			children = (
				43BFD4DF200EB3350027B601 /* DesafioCocoaPods.app */,
			);
			name = Products;
			sourceTree = "<group>";
		};
		43BFD4E1200EB3350027B601 /* DesafioCocoaPods */ = {
			isa = PBXGroup;
			children = (
				43BFD4E2200EB3350027B601 /* AppDelegate.swift */,
				43BFD4E4200EB3350027B601 /* ViewController.swift */,
				43BFD4F4200EB8D50027B601 /* ImagensTableViewController.swift */,
				43BFD4F6200EBDAA0027B601 /* CatsTableViewCell.swift */,
				43BFD4F8200EBEAF0027B601 /* TesteTableViewCell.swift */,
				43BFD4F9200EBEAF0027B601 /* TesteTableViewCell.xib */,
				43BFD4E6200EB3350027B601 /* Main.storyboard */,
				43BFD4E9200EB3350027B601 /* Assets.xcassets */,
				43BFD4EB200EB3350027B601 /* LaunchScreen.storyboard */,
				43BFD4EE200EB3350027B601 /* Info.plist */,
			);
			path = DesafioCocoaPods;
			sourceTree = "<group>";
		};
		520D7C3E2F4C6C11D0185032 /* Pods */ = {
			isa = PBXGroup;
			children = (
				4E8F41ADE67626C6C0C8C0B3 /* Pods-DesafioCocoaPods.debug.xcconfig */,
				7E9DE6DF5C3CCF0B98589369 /* Pods-DesafioCocoaPods.release.xcconfig */,
			);
			name = Pods;
			sourceTree = "<group>";
		};
/* End PBXGroup section */

/* Begin PBXNativeTarget section */
		43BFD4DE200EB3350027B601 /* DesafioCocoaPods */ = {
			isa = PBXNativeTarget;
			buildConfigurationList = 43BFD4F1200EB3350027B601 /* Build configuration list for PBXNativeTarget "DesafioCocoaPods" */;
			buildPhases = (
				1E2CE7A4C0FAF845064EE0A5 /* [CP] Check Pods Manifest.lock */,
				43BFD4DB200EB3350027B601 /* Sources */,
				43BFD4DC200EB3350027B601 /* Frameworks */,
				43BFD4DD200EB3350027B601 /* Resources */,
				93D2EA2A0E6EA86B42A16D21 /* [CP] Embed Pods Frameworks */,
				82AA4DFC5A4533D20C7F1270 /* [CP] Copy Pods Resources */,
			);
			buildRules = (
			);
			dependencies = (
			);
			name = DesafioCocoaPods;
			productName = DesafioCocoaPods;
			productReference = 43BFD4DF200EB3350027B601 /* DesafioCocoaPods.app */;
			productType = "com.apple.product-type.application";
		};
/* End PBXNativeTarget section */

/* Begin PBXProject section */
		43BFD4D7200EB3350027B601 /* Project object */ = {
			isa = PBXProject;
			attributes = {
				LastSwiftUpdateCheck = 0920;
				LastUpgradeCheck = 0920;
				ORGANIZATIONNAME = Corporate;
				TargetAttributes = {
					43BFD4DE200EB3350027B601 = {
						CreatedOnToolsVersion = 9.2;
						ProvisioningStyle = Automatic;
					};
				};
			};
			buildConfigurationList = 43BFD4DA200EB3350027B601 /* Build configuration list for PBXProject "DesafioCocoaPods" */;
			compatibilityVersion = "Xcode 8.0";
			developmentRegion = en;
			hasScannedForEncodings = 0;
			knownRegions = (
				en,
				Base,
			);
			mainGroup = 43BFD4D6200EB3350027B601;
			productRefGroup = 43BFD4E0200EB3350027B601 /* Products */;
			projectDirPath = "";
			projectRoot = "";
			targets = (
				43BFD4DE200EB3350027B601 /* DesafioCocoaPods */,
			);
		};
/* End PBXProject section */

/* Begin PBXResourcesBuildPhase section */
		43BFD4DD200EB3350027B601 /* Resources */ = {
			isa = PBXResourcesBuildPhase;
			buildActionMask = 2147483647;
			files = (
				43BFD4ED200EB3350027B601 /* LaunchScreen.storyboard in Resources */,
				43BFD4EA200EB3350027B601 /* Assets.xcassets in Resources */,
				43BFD4E8200EB3350027B601 /* Main.storyboard in Resources */,
				43BFD4FB200EBEAF0027B601 /* TesteTableViewCell.xib in Resources */,
			);
			runOnlyForDeploymentPostprocessing = 0;
		};
/* End PBXResourcesBuildPhase section */

/* Begin PBXShellScriptBuildPhase section */
		1E2CE7A4C0FAF845064EE0A5 /* [CP] Check Pods Manifest.lock */ = {
			isa = PBXShellScriptBuildPhase;
			buildActionMask = 2147483647;
			files = (
			);
			inputPaths = (
				"${PODS_PODFILE_DIR_PATH}/Podfile.lock",
				"${PODS_ROOT}/Manifest.lock",
			);
			name = "[CP] Check Pods Manifest.lock";
			outputPaths = (
				"$(DERIVED_FILE_DIR)/Pods-DesafioCocoaPods-checkManifestLockResult.txt",
			);
			runOnlyForDeploymentPostprocessing = 0;
			shellPath = /bin/sh;
			shellScript = "diff \"${PODS_PODFILE_DIR_PATH}/Podfile.lock\" \"${PODS_ROOT}/Manifest.lock\" > /dev/null\nif [ $? != 0 ] ; then\n    # print error to STDERR\n    echo \"error: The sandbox is not in sync with the Podfile.lock. Run 'pod install' or update your CocoaPods installation.\" >&2\n    exit 1\nfi\n# This output is used by Xcode 'outputs' to avoid re-running this script phase.\necho \"SUCCESS\" > \"${SCRIPT_OUTPUT_FILE_0}\"\n";
			showEnvVarsInLog = 0;
		};
		82AA4DFC5A4533D20C7F1270 /* [CP] Copy Pods Resources */ = {
			isa = PBXShellScriptBuildPhase;
			buildActionMask = 2147483647;
			files = (
			);
			inputPaths = (
			);
			name = "[CP] Copy Pods Resources";
			outputPaths = (
			);
			runOnlyForDeploymentPostprocessing = 0;
			shellPath = /bin/sh;
			shellScript = "\"${SRCROOT}/Pods/Target Support Files/Pods-DesafioCocoaPods/Pods-DesafioCocoaPods-resources.sh\"\n";
			showEnvVarsInLog = 0;
		};
		93D2EA2A0E6EA86B42A16D21 /* [CP] Embed Pods Frameworks */ = {
			isa = PBXShellScriptBuildPhase;
			buildActionMask = 2147483647;
			files = (
			);
			inputPaths = (
				"${SRCROOT}/Pods/Target Support Files/Pods-DesafioCocoaPods/Pods-DesafioCocoaPods-frameworks.sh",
				"${BUILT_PRODUCTS_DIR}/SDWebImage/SDWebImage.framework",
			);
			name = "[CP] Embed Pods Frameworks";
			outputPaths = (
				"${TARGET_BUILD_DIR}/${FRAMEWORKS_FOLDER_PATH}/SDWebImage.framework",
			);
			runOnlyForDeploymentPostprocessing = 0;
			shellPath = /bin/sh;
			shellScript = "\"${SRCROOT}/Pods/Target Support Files/Pods-DesafioCocoaPods/Pods-DesafioCocoaPods-frameworks.sh\"\n";
			showEnvVarsInLog = 0;
		};
/* End PBXShellScriptBuildPhase section */

/* Begin PBXSourcesBuildPhase section */
		43BFD4DB200EB3350027B601 /* Sources */ = {
			isa = PBXSourcesBuildPhase;
			buildActionMask = 2147483647;
			files = (
				43BFD4F7200EBDAA0027B601 /* CatsTableViewCell.swift in Sources */,
				43BFD4E5200EB3350027B601 /* ViewController.swift in Sources */,
				43BFD4E3200EB3350027B601 /* AppDelegate.swift in Sources */,
				43BFD4F5200EB8D50027B601 /* ImagensTableViewController.swift in Sources */,
				43BFD4FA200EBEAF0027B601 /* TesteTableViewCell.swift in Sources */,
			);
			runOnlyForDeploymentPostprocessing = 0;
		};
/* End PBXSourcesBuildPhase section */

/* Begin PBXVariantGroup section */
		43BFD4E6200EB3350027B601 /* Main.storyboard */ = {
			isa = PBXVariantGroup;
			children = (
				43BFD4E7200EB3350027B601 /* Base */,
			);
			name = Main.storyboard;
			sourceTree = "<group>";
		};
		43BFD4EB200EB3350027B601 /* LaunchScreen.storyboard */ = {
			isa = PBXVariantGroup;
			children = (
				43BFD4EC200EB3350027B601 /* Base */,
			);
			name = LaunchScreen.storyboard;
			sourceTree = "<group>";
		};
/* End PBXVariantGroup section */

/* Begin XCBuildConfiguration section */
		43BFD4EF200EB3350027B601 /* Debug */ = {
			isa = XCBuildConfiguration;
			buildSettings = {
				ALWAYS_SEARCH_USER_PATHS = NO;
				CLANG_ANALYZER_NONNULL = YES;
				CLANG_ANALYZER_NUMBER_OBJECT_CONVERSION = YES_AGGRESSIVE;
				CLANG_CXX_LANGUAGE_STANDARD = "gnu++14";
				CLANG_CXX_LIBRARY = "libc++";
				CLANG_ENABLE_MODULES = YES;
				CLANG_ENABLE_OBJC_ARC = YES;
				CLANG_WARN_BLOCK_CAPTURE_AUTORELEASING = YES;
				CLANG_WARN_BOOL_CONVERSION = YES;
				CLANG_WARN_COMMA = YES;
				CLANG_WARN_CONSTANT_CONVERSION = YES;
				CLANG_WARN_DIRECT_OBJC_ISA_USAGE = YES_ERROR;
				CLANG_WARN_DOCUMENTATION_COMMENTS = YES;
				CLANG_WARN_EMPTY_BODY = YES;
				CLANG_WARN_ENUM_CONVERSION = YES;
				CLANG_WARN_INFINITE_RECURSION = YES;
				CLANG_WARN_INT_CONVERSION = YES;
				CLANG_WARN_NON_LITERAL_NULL_CONVERSION = YES;
				CLANG_WARN_OBJC_LITERAL_CONVERSION = YES;
				CLANG_WARN_OBJC_ROOT_CLASS = YES_ERROR;
				CLANG_WARN_RANGE_LOOP_ANALYSIS = YES;
				CLANG_WARN_STRICT_PROTOTYPES = YES;
				CLANG_WARN_SUSPICIOUS_MOVE = YES;
				CLANG_WARN_UNGUARDED_AVAILABILITY = YES_AGGRESSIVE;
				CLANG_WARN_UNREACHABLE_CODE = YES;
				CLANG_WARN__DUPLICATE_METHOD_MATCH = YES;
				CODE_SIGN_IDENTITY = "iPhone Developer";
				COPY_PHASE_STRIP = NO;
				DEBUG_INFORMATION_FORMAT = dwarf;
				ENABLE_STRICT_OBJC_MSGSEND = YES;
				ENABLE_TESTABILITY = YES;
				GCC_C_LANGUAGE_STANDARD = gnu11;
				GCC_DYNAMIC_NO_PIC = NO;
				GCC_NO_COMMON_BLOCKS = YES;
				GCC_OPTIMIZATION_LEVEL = 0;
				GCC_PREPROCESSOR_DEFINITIONS = (
					"DEBUG=1",
					"$(inherited)",
				);
				GCC_WARN_64_TO_32_BIT_CONVERSION = YES;
				GCC_WARN_ABOUT_RETURN_TYPE = YES_ERROR;
				GCC_WARN_UNDECLARED_SELECTOR = YES;
				GCC_WARN_UNINITIALIZED_AUTOS = YES_AGGRESSIVE;
				GCC_WARN_UNUSED_FUNCTION = YES;
				GCC_WARN_UNUSED_VARIABLE = YES;
				IPHONEOS_DEPLOYMENT_TARGET = 11.2;
				MTL_ENABLE_DEBUG_INFO = YES;
				ONLY_ACTIVE_ARCH = YES;
				SDKROOT = iphoneos;
				SWIFT_ACTIVE_COMPILATION_CONDITIONS = DEBUG;
				SWIFT_OPTIMIZATION_LEVEL = "-Onone";
			};
			name = Debug;
		};
		43BFD4F0200EB3350027B601 /* Release */ = {
			isa = XCBuildConfiguration;
			buildSettings = {
				ALWAYS_SEARCH_USER_PATHS = NO;
				CLANG_ANALYZER_NONNULL = YES;
				CLANG_ANALYZER_NUMBER_OBJECT_CONVERSION = YES_AGGRESSIVE;
				CLANG_CXX_LANGUAGE_STANDARD = "gnu++14";
				CLANG_CXX_LIBRARY = "libc++";
				CLANG_ENABLE_MODULES = YES;
				CLANG_ENABLE_OBJC_ARC = YES;
				CLANG_WARN_BLOCK_CAPTURE_AUTORELEASING = YES;
				CLANG_WARN_BOOL_CONVERSION = YES;
				CLANG_WARN_COMMA = YES;
				CLANG_WARN_CONSTANT_CONVERSION = YES;
				CLANG_WARN_DIRECT_OBJC_ISA_USAGE = YES_ERROR;
				CLANG_WARN_DOCUMENTATION_COMMENTS = YES;
				CLANG_WARN_EMPTY_BODY = YES;
				CLANG_WARN_ENUM_CONVERSION = YES;
				CLANG_WARN_INFINITE_RECURSION = YES;
				CLANG_WARN_INT_CONVERSION = YES;
				CLANG_WARN_NON_LITERAL_NULL_CONVERSION = YES;
				CLANG_WARN_OBJC_LITERAL_CONVERSION = YES;
				CLANG_WARN_OBJC_ROOT_CLASS = YES_ERROR;
				CLANG_WARN_RANGE_LOOP_ANALYSIS = YES;
				CLANG_WARN_STRICT_PROTOTYPES = YES;
				CLANG_WARN_SUSPICIOUS_MOVE = YES;
				CLANG_WARN_UNGUARDED_AVAILABILITY = YES_AGGRESSIVE;
				CLANG_WARN_UNREACHABLE_CODE = YES;
				CLANG_WARN__DUPLICATE_METHOD_MATCH = YES;
				CODE_SIGN_IDENTITY = "iPhone Developer";
				COPY_PHASE_STRIP = NO;
				DEBUG_INFORMATION_FORMAT = "dwarf-with-dsym";
				ENABLE_NS_ASSERTIONS = NO;
				ENABLE_STRICT_OBJC_MSGSEND = YES;
				GCC_C_LANGUAGE_STANDARD = gnu11;
				GCC_NO_COMMON_BLOCKS = YES;
				GCC_WARN_64_TO_32_BIT_CONVERSION = YES;
				GCC_WARN_ABOUT_RETURN_TYPE = YES_ERROR;
				GCC_WARN_UNDECLARED_SELECTOR = YES;
				GCC_WARN_UNINITIALIZED_AUTOS = YES_AGGRESSIVE;
				GCC_WARN_UNUSED_FUNCTION = YES;
				GCC_WARN_UNUSED_VARIABLE = YES;
				IPHONEOS_DEPLOYMENT_TARGET = 11.2;
				MTL_ENABLE_DEBUG_INFO = NO;
				SDKROOT = iphoneos;
				SWIFT_OPTIMIZATION_LEVEL = "-Owholemodule";
				VALIDATE_PRODUCT = YES;
			};
			name = Release;
		};
		43BFD4F2200EB3350027B601 /* Debug */ = {
			isa = XCBuildConfiguration;
			baseConfigurationReference = 4E8F41ADE67626C6C0C8C0B3 /* Pods-DesafioCocoaPods.debug.xcconfig */;
			buildSettings = {
				ASSETCATALOG_COMPILER_APPICON_NAME = AppIcon;
				CODE_SIGN_STYLE = Automatic;
				INFOPLIST_FILE = DesafioCocoaPods/Info.plist;
				LD_RUNPATH_SEARCH_PATHS = "$(inherited) @executable_path/Frameworks";
				PRODUCT_BUNDLE_IDENTIFIER = br.com.corporate.DesafioCocoaPods;
				PRODUCT_NAME = "$(TARGET_NAME)";
				SWIFT_VERSION = 4.0;
				TARGETED_DEVICE_FAMILY = "1,2";
			};
			name = Debug;
		};
		43BFD4F3200EB3350027B601 /* Release */ = {
			isa = XCBuildConfiguration;
			baseConfigurationReference = 7E9DE6DF5C3CCF0B98589369 /* Pods-DesafioCocoaPods.release.xcconfig */;
			buildSettings = {
				ASSETCATALOG_COMPILER_APPICON_NAME = AppIcon;
				CODE_SIGN_STYLE = Automatic;
				INFOPLIST_FILE = DesafioCocoaPods/Info.plist;
				LD_RUNPATH_SEARCH_PATHS = "$(inherited) @executable_path/Frameworks";
				PRODUCT_BUNDLE_IDENTIFIER = br.com.corporate.DesafioCocoaPods;
				PRODUCT_NAME = "$(TARGET_NAME)";
				SWIFT_VERSION = 4.0;
				TARGETED_DEVICE_FAMILY = "1,2";
			};
			name = Release;
		};
/* End XCBuildConfiguration section */

/* Begin XCConfigurationList section */
		43BFD4DA200EB3350027B601 /* Build configuration list for PBXProject "DesafioCocoaPods" */ = {
			isa = XCConfigurationList;
			buildConfigurations = (
				43BFD4EF200EB3350027B601 /* Debug */,
				43BFD4F0200EB3350027B601 /* Release */,
			);
			defaultConfigurationIsVisible = 0;
			defaultConfigurationName = Release;
		};
		43BFD4F1200EB3350027B601 /* Build configuration list for PBXNativeTarget "DesafioCocoaPods" */ = {
			isa = XCConfigurationList;
			buildConfigurations = (
				43BFD4F2200EB3350027B601 /* Debug */,
				43BFD4F3200EB3350027B601 /* Release */,
			);
			defaultConfigurationIsVisible = 0;
			defaultConfigurationName = Release;
		};
/* End XCConfigurationList section */
	};
	rootObject = 43BFD4D7200EB3350027B601 /* Project object */;
}
